
Microsoft Visual Studio Solution File, Format Version 12.00
# Visual Studio Version 17
VisualStudioVersion = 17.11.35327.3
MinimumVisualStudioVersion = 10.0.40219.1
Project("{FAE04EC0-301F-11D3-BF4B-00C04F79EFBC}") = "Expense Tracker", "Expense Tracker\Expense Tracker.csproj", "{8F854FED-B635-4ED9-9F0F-B0A85B6C8EBC}"
EndProject
Global
	GlobalSection(SolutionConfigurationPlatforms) = preSolution
		Debug|Any CPU = Debug|Any CPU
		Release|Any CPU = Release|Any CPU
	EndGlobalSection
	GlobalSection(ProjectConfigurationPlatforms) = postSolution
		{8F854FED-B635-4ED9-9F0F-B0A85B6C8EBC}.Debug|Any CPU.ActiveCfg = Debug|Any CPU
		{8F854FED-B635-4ED9-9F0F-B0A85B6C8EBC}.Debug|Any CPU.Build.0 = Debug|Any CPU
		{8F854FED-B635-4ED9-9F0F-B0A85B6C8EBC}.Release|Any CPU.ActiveCfg = Release|Any CPU
		{8F854FED-B635-4ED9-9F0F-B0A85B6C8EBC}.Release|Any CPU.Build.0 = Release|Any CPU
	EndGlobalSection
	GlobalSection(SolutionProperties) = preSolution
		HideSolutionNode = FALSE
	EndGlobalSection
	GlobalSection(ExtensibilityGlobals) = postSolution
		SolutionGuid = {1264E82D-9ECC-43CE-A25B-1F39C233C471}
	EndGlobalSection
EndGlobal
